# This file is autogenerated, do not edit; changes may be undone by the next 'dep ensure'.


[[projects]]
  digest = "1:e6e76c8726bec67054a449f9fc0ff2da22a8630f81488f1b071e7f57747e126f"
  name = "github.com/elazarl/goproxy"
  packages = [
    ".",
    "ext/auth",
  ]
  pruneopts = "UT"
  revision = "947c36da3153ff334e74d9d980de341d25f358ba"
  version = "v1.1"

[solve-meta]
  analyzer-name = "dep"
  analyzer-version = 1
  input-imports = [
    "github.com/elazarl/goproxy",
    "github.com/elazarl/goproxy/ext/auth",
  ]
  solver-name = "gps-cdcl"
  solver-version = 1
